
Microsoft Visual Studio Solution File, Format Version 12.00
# Visual Studio Version 17
VisualStudioVersion = 17.13.35919.96 d17.13
MinimumVisualStudioVersion = 10.0.40219.1
Project("{888888A0-9F3D-457C-B088-3A5042F75D52}") = "calculadora simples python B)", "calculadora simples python B).pyproj", "{0E6308A8-E187-4C22-9727-379931C3C642}"
EndProject
Global
	GlobalSection(SolutionConfigurationPlatforms) = preSolution
		Debug|Any CPU = Debug|Any CPU
		Release|Any CPU = Release|Any CPU
	EndGlobalSection
	GlobalSection(ProjectConfigurationPlatforms) = postSolution
		{0E6308A8-E187-4C22-9727-379931C3C642}.Debug|Any CPU.ActiveCfg = Debug|Any CPU
		{0E6308A8-E187-4C22-9727-379931C3C642}.Release|Any CPU.ActiveCfg = Release|Any CPU
	EndGlobalSection
	GlobalSection(SolutionProperties) = preSolution
		HideSolutionNode = FALSE
	EndGlobalSection
	GlobalSection(ExtensibilityGlobals) = postSolution
		SolutionGuid = {35B8FFC3-17E8-4F85-A5EA-4EAAB72C0E36}
	EndGlobalSection
EndGlobal
